# This file is generated by running "yarn install" inside your project.
# Manual changes might be lost - proceed with caution!

__metadata:
  version: 8
  cacheKey: 10c0

"mouse-test@workspace:.":
  version: 0.0.0-use.local
  resolution: "mouse-test@workspace:."
  dependencies:
    ws: "npm:^8.16.0"
  languageName: unknown
  linkType: soft

"ws@npm:^8.16.0":
  version: 8.16.0
  resolution: "ws@npm:8.16.0"
  peerDependencies:
    bufferutil: ^4.0.1
    utf-8-validate: ">=5.0.2"
  peerDependenciesMeta:
    bufferutil:
      optional: true
    utf-8-validate:
      optional: true
  checksum: 10c0/a7783bb421c648b1e622b423409cb2a58ac5839521d2f689e84bc9dc41d59379c692dd405b15a997ea1d4c0c2e5314ad707332d0c558f15232d2bc07c0b4618a
  languageName: node
  linkType: hard
